// !$*UTF8*$!
{
	archiveVersion = 1;
	classes = {
	};
	objectVersion = 48;
	objects = {

/* Begin PBXBuildFile section */
		D36DD1D91F9C74C5009A23EA /* AppDelegate.swift in Sources */ = {isa = PBXBuildFile; fileRef = D36DD1D81F9C74C5009A23EA /* AppDelegate.swift */; };
		D36DD1DB1F9C74C5009A23EA /* ViewController.swift in Sources */ = {isa = PBXBuildFile; fileRef = D36DD1DA1F9C74C5009A23EA /* ViewController.swift */; };
		D36DD1DE1F9C74C5009A23EA /* Main.storyboard in Resources */ = {isa = PBXBuildFile; fileRef = D36DD1DC1F9C74C5009A23EA /* Main.storyboard */; };
		D36DD1E01F9C74C5009A23EA /* Assets.xcassets in Resources */ = {isa = PBXBuildFile; fileRef = D36DD1DF1F9C74C5009A23EA /* Assets.xcassets */; };
		D36DD1E31F9C74C5009A23EA /* LaunchScreen.storyboard in Resources */ = {isa = PBXBuildFile; fileRef = D36DD1E11F9C74C5009A23EA /* LaunchScreen.storyboard */; };
		D36DD1EE1F9C74C5009A23EA /* countprojectTests.swift in Sources */ = {isa = PBXBuildFile; fileRef = D36DD1ED1F9C74C5009A23EA /* countprojectTests.swift */; };
		D36DD1F91F9C74C5009A23EA /* countprojectUITests.swift in Sources */ = {isa = PBXBuildFile; fileRef = D36DD1F81F9C74C5009A23EA /* countprojectUITests.swift */; };
/* End PBXBuildFile section */

/* Begin PBXContainerItemProxy section */
		D36DD1EA1F9C74C5009A23EA /* PBXContainerItemProxy */ = {
			isa = PBXContainerItemProxy;
			containerPortal = D36DD1CD1F9C74C5009A23EA /* Project object */;
			proxyType = 1;
			remoteGlobalIDString = D36DD1D41F9C74C5009A23EA;
			remoteInfo = countproject;
		};
		D36DD1F51F9C74C5009A23EA /* PBXContainerItemProxy */ = {
			isa = PBXContainerItemProxy;
			containerPortal = D36DD1CD1F9C74C5009A23EA /* Project object */;
			proxyType = 1;
			remoteGlobalIDString = D36DD1D41F9C74C5009A23EA;
			remoteInfo = countproject;
		};
/* End PBXContainerItemProxy section */

/* Begin PBXFileReference section */
		D36DD1D51F9C74C5009A23EA /* countproject.app */ = {isa = PBXFileReference; explicitFileType = wrapper.application; includeInIndex = 0; path = countproject.app; sourceTree = BUILT_PRODUCTS_DIR; };
		D36DD1D81F9C74C5009A23EA /* AppDelegate.swift */ = {isa = PBXFileReference; lastKnownFileType = sourcecode.swift; path = AppDelegate.swift; sourceTree = "<group>"; };
		D36DD1DA1F9C74C5009A23EA /* ViewController.swift */ = {isa = PBXFileReference; lastKnownFileType = sourcecode.swift; path = ViewController.swift; sourceTree = "<group>"; };
		D36DD1DD1F9C74C5009A23EA /* Base */ = {isa = PBXFileReference; lastKnownFileType = file.storyboard; name = Base; path = Base.lproj/Main.storyboard; sourceTree = "<group>"; };
		D36DD1DF1F9C74C5009A23EA /* Assets.xcassets */ = {isa = PBXFileReference; lastKnownFileType = folder.assetcatalog; path = Assets.xcassets; sourceTree = "<group>"; };
		D36DD1E21F9C74C5009A23EA /* Base */ = {isa = PBXFileReference; lastKnownFileType = file.storyboard; name = Base; path = Base.lproj/LaunchScreen.storyboard; sourceTree = "<group>"; };
		D36DD1E41F9C74C5009A23EA /* Info.plist */ = {isa = PBXFileReference; lastKnownFileType = text.plist.xml; path = Info.plist; sourceTree = "<group>"; };
		D36DD1E91F9C74C5009A23EA /* countprojectTests.xctest */ = {isa = PBXFileReference; explicitFileType = wrapper.cfbundle; includeInIndex = 0; path = countprojectTests.xctest; sourceTree = BUILT_PRODUCTS_DIR; };
		D36DD1ED1F9C74C5009A23EA /* countprojectTests.swift */ = {isa = PBXFileReference; lastKnownFileType = sourcecode.swift; path = countprojectTests.swift; sourceTree = "<group>"; };
		D36DD1EF1F9C74C5009A23EA /* Info.plist */ = {isa = PBXFileReference; lastKnownFileType = text.plist.xml; path = Info.plist; sourceTree = "<group>"; };
		D36DD1F41F9C74C5009A23EA /* countprojectUITests.xctest */ = {isa = PBXFileReference; explicitFileType = wrapper.cfbundle; includeInIndex = 0; path = countprojectUITests.xctest; sourceTree = BUILT_PRODUCTS_DIR; };
		D36DD1F81F9C74C5009A23EA /* countprojectUITests.swift */ = {isa = PBXFileReference; lastKnownFileType = sourcecode.swift; path = countprojectUITests.swift; sourceTree = "<group>"; };
		D36DD1FA1F9C74C5009A23EA /* Info.plist */ = {isa = PBXFileReference; lastKnownFileType = text.plist.xml; path = Info.plist; sourceTree = "<group>"; };
/* End PBXFileReference section */

/* Begin PBXFrameworksBuildPhase section */
		D36DD1D21F9C74C5009A23EA /* Frameworks */ = {
			isa = PBXFrameworksBuildPhase;
			buildActionMask = 2147483647;
			files = (
			);
			runOnlyForDeploymentPostprocessing = 0;
		};
		D36DD1E61F9C74C5009A23EA /* Frameworks */ = {
			isa = PBXFrameworksBuildPhase;
			buildActionMask = 2147483647;
			files = (
			);
			runOnlyForDeploymentPostprocessing = 0;
		};
		D36DD1F11F9C74C5009A23EA /* Frameworks */ = {
			isa = PBXFrameworksBuildPhase;
			buildActionMask = 2147483647;
			files = (
			);
			runOnlyForDeploymentPostprocessing = 0;
		};
/* End PBXFrameworksBuildPhase section */

/* Begin PBXGroup section */
		D36DD1CC1F9C74C5009A23EA = {
			isa = PBXGroup;
			children = (
				D36DD1D71F9C74C5009A23EA /* countproject */,
				D36DD1EC1F9C74C5009A23EA /* countprojectTests */,
				D36DD1F71F9C74C5009A23EA /* countprojectUITests */,
				D36DD1D61F9C74C5009A23EA /* Products */,
			);
			sourceTree = "<group>";
		};
		D36DD1D61F9C74C5009A23EA /* Products */ = {
			isa = PBXGroup;
			children = (
				D36DD1D51F9C74C5009A23EA /* countproject.app */,
				D36DD1E91F9C74C5009A23EA /* countprojectTests.xctest */,
				D36DD1F41F9C74C5009A23EA /* countprojectUITests.xctest */,
			);
			name = Products;
			sourceTree = "<group>";
		};
		D36DD1D71F9C74C5009A23EA /* countproject */ = {
			isa = PBXGroup;
			children = (
				D36DD1D81F9C74C5009A23EA /* AppDelegate.swift */,
				D36DD1DA1F9C74C5009A23EA /* ViewController.swift */,
				D36DD1DC1F9C74C5009A23EA /* Main.storyboard */,
				D36DD1DF1F9C74C5009A23EA /* Assets.xcassets */,
				D36DD1E11F9C74C5009A23EA /* LaunchScreen.storyboard */,
				D36DD1E41F9C74C5009A23EA /* Info.plist */,
			);
			path = countproject;
			sourceTree = "<group>";
		};
		D36DD1EC1F9C74C5009A23EA /* countprojectTests */ = {
			isa = PBXGroup;
			children = (
				D36DD1ED1F9C74C5009A23EA /* countprojectTests.swift */,
				D36DD1EF1F9C74C5009A23EA /* Info.plist */,
			);
			path = countprojectTests;
			sourceTree = "<group>";
		};
		D36DD1F71F9C74C5009A23EA /* countprojectUITests */ = {
			isa = PBXGroup;
			children = (
				D36DD1F81F9C74C5009A23EA /* countprojectUITests.swift */,
				D36DD1FA1F9C74C5009A23EA /* Info.plist */,
			);
			path = countprojectUITests;
			sourceTree = "<group>";
		};
/* End PBXGroup section */

/* Begin PBXNativeTarget section */
		D36DD1D41F9C74C5009A23EA /* countproject */ = {
			isa = PBXNativeTarget;
			buildConfigurationList = D36DD1FD1F9C74C5009A23EA /* Build configuration list for PBXNativeTarget "countproject" */;
			buildPhases = (
				D36DD1D11F9C74C5009A23EA /* Sources */,
				D36DD1D21F9C74C5009A23EA /* Frameworks */,
				D36DD1D31F9C74C5009A23EA /* Resources */,
			);
			buildRules = (
			);
			dependencies = (
			);
			name = countproject;
			productName = countproject;
			productReference = D36DD1D51F9C74C5009A23EA /* countproject.app */;
			productType = "com.apple.product-type.application";
		};
		D36DD1E81F9C74C5009A23EA /* countprojectTests */ = {
			isa = PBXNativeTarget;
			buildConfigurationList = D36DD2001F9C74C5009A23EA /* Build configuration list for PBXNativeTarget "countprojectTests" */;
			buildPhases = (
				D36DD1E51F9C74C5009A23EA /* Sources */,
				D36DD1E61F9C74C5009A23EA /* Frameworks */,
				D36DD1E71F9C74C5009A23EA /* Resources */,
			);
			buildRules = (
			);
			dependencies = (
				D36DD1EB1F9C74C5009A23EA /* PBXTargetDependency */,
			);
			name = countprojectTests;
			productName = countprojectTests;
			productReference = D36DD1E91F9C74C5009A23EA /* countprojectTests.xctest */;
			productType = "com.apple.product-type.bundle.unit-test";
		};
		D36DD1F31F9C74C5009A23EA /* countprojectUITests */ = {
			isa = PBXNativeTarget;
			buildConfigurationList = D36DD2031F9C74C5009A23EA /* Build configuration list for PBXNativeTarget "countprojectUITests" */;
			buildPhases = (
				D36DD1F01F9C74C5009A23EA /* Sources */,
				D36DD1F11F9C74C5009A23EA /* Frameworks */,
				D36DD1F21F9C74C5009A23EA /* Resources */,
			);
			buildRules = (
			);
			dependencies = (
				D36DD1F61F9C74C5009A23EA /* PBXTargetDependency */,
			);
			name = countprojectUITests;
			productName = countprojectUITests;
			productReference = D36DD1F41F9C74C5009A23EA /* countprojectUITests.xctest */;
			productType = "com.apple.product-type.bundle.ui-testing";
		};
/* End PBXNativeTarget section */

/* Begin PBXProject section */
		D36DD1CD1F9C74C5009A23EA /* Project object */ = {
			isa = PBXProject;
			attributes = {
				LastSwiftUpdateCheck = 0900;
				LastUpgradeCheck = 0900;
				ORGANIZATIONNAME = yusron;
				TargetAttributes = {
					D36DD1D41F9C74C5009A23EA = {
						CreatedOnToolsVersion = 9.0.1;
						ProvisioningStyle = Automatic;
					};
					D36DD1E81F9C74C5009A23EA = {
						CreatedOnToolsVersion = 9.0.1;
						ProvisioningStyle = Automatic;
						TestTargetID = D36DD1D41F9C74C5009A23EA;
					};
					D36DD1F31F9C74C5009A23EA = {
						CreatedOnToolsVersion = 9.0.1;
						ProvisioningStyle = Automatic;
						TestTargetID = D36DD1D41F9C74C5009A23EA;
					};
				};
			};
			buildConfigurationList = D36DD1D01F9C74C5009A23EA /* Build configuration list for PBXProject "countproject" */;
			compatibilityVersion = "Xcode 8.0";
			developmentRegion = en;
			hasScannedForEncodings = 0;
			knownRegions = (
				en,
				Base,
			);
			mainGroup = D36DD1CC1F9C74C5009A23EA;
			productRefGroup = D36DD1D61F9C74C5009A23EA /* Products */;
			projectDirPath = "";
			projectRoot = "";
			targets = (
				D36DD1D41F9C74C5009A23EA /* countproject */,
				D36DD1E81F9C74C5009A23EA /* countprojectTests */,
				D36DD1F31F9C74C5009A23EA /* countprojectUITests */,
			);
		};
/* End PBXProject section */

/* Begin PBXResourcesBuildPhase section */
		D36DD1D31F9C74C5009A23EA /* Resources */ = {
			isa = PBXResourcesBuildPhase;
			buildActionMask = 2147483647;
			files = (
				D36DD1E31F9C74C5009A23EA /* LaunchScreen.storyboard in Resources */,
				D36DD1E01F9C74C5009A23EA /* Assets.xcassets in Resources */,
				D36DD1DE1F9C74C5009A23EA /* Main.storyboard in Resources */,
			);
			runOnlyForDeploymentPostprocessing = 0;
		};
		D36DD1E71F9C74C5009A23EA /* Resources */ = {
			isa = PBXResourcesBuildPhase;
			buildActionMask = 2147483647;
			files = (
			);
			runOnlyForDeploymentPostprocessing = 0;
		};
		D36DD1F21F9C74C5009A23EA /* Resources */ = {
			isa = PBXResourcesBuildPhase;
			buildActionMask = 2147483647;
			files = (
			);
			runOnlyForDeploymentPostprocessing = 0;
		};
/* End PBXResourcesBuildPhase section */

/* Begin PBXSourcesBuildPhase section */
		D36DD1D11F9C74C5009A23EA /* Sources */ = {
			isa = PBXSourcesBuildPhase;
			buildActionMask = 2147483647;
			files = (
				D36DD1DB1F9C74C5009A23EA /* ViewController.swift in Sources */,
				D36DD1D91F9C74C5009A23EA /* AppDelegate.swift in Sources */,
			);
			runOnlyForDeploymentPostprocessing = 0;
		};
		D36DD1E51F9C74C5009A23EA /* Sources */ = {
			isa = PBXSourcesBuildPhase;
			buildActionMask = 2147483647;
			files = (
				D36DD1EE1F9C74C5009A23EA /* countprojectTests.swift in Sources */,
			);
			runOnlyForDeploymentPostprocessing = 0;
		};
		D36DD1F01F9C74C5009A23EA /* Sources */ = {
			isa = PBXSourcesBuildPhase;
			buildActionMask = 2147483647;
			files = (
				D36DD1F91F9C74C5009A23EA /* countprojectUITests.swift in Sources */,
			);
			runOnlyForDeploymentPostprocessing = 0;
		};
/* End PBXSourcesBuildPhase section */

/* Begin PBXTargetDependency section */
		D36DD1EB1F9C74C5009A23EA /* PBXTargetDependency */ = {
			isa = PBXTargetDependency;
			target = D36DD1D41F9C74C5009A23EA /* countproject */;
			targetProxy = D36DD1EA1F9C74C5009A23EA /* PBXContainerItemProxy */;
		};
		D36DD1F61F9C74C5009A23EA /* PBXTargetDependency */ = {
			isa = PBXTargetDependency;
			target = D36DD1D41F9C74C5009A23EA /* countproject */;
			targetProxy = D36DD1F51F9C74C5009A23EA /* PBXContainerItemProxy */;
		};
/* End PBXTargetDependency section */

/* Begin PBXVariantGroup section */
		D36DD1DC1F9C74C5009A23EA /* Main.storyboard */ = {
			isa = PBXVariantGroup;
			children = (
				D36DD1DD1F9C74C5009A23EA /* Base */,
			);
			name = Main.storyboard;
			sourceTree = "<group>";
		};
		D36DD1E11F9C74C5009A23EA /* LaunchScreen.storyboard */ = {
			isa = PBXVariantGroup;
			children = (
				D36DD1E21F9C74C5009A23EA /* Base */,
			);
			name = LaunchScreen.storyboard;
			sourceTree = "<group>";
		};
/* End PBXVariantGroup section */

/* Begin XCBuildConfiguration section */
		D36DD1FB1F9C74C5009A23EA /* Debug */ = {
			isa = XCBuildConfiguration;
			buildSettings = {
				ALWAYS_SEARCH_USER_PATHS = NO;
				CLANG_ANALYZER_NONNULL = YES;
				CLANG_ANALYZER_NUMBER_OBJECT_CONVERSION = YES_AGGRESSIVE;
				CLANG_CXX_LANGUAGE_STANDARD = "gnu++14";
				CLANG_CXX_LIBRARY = "libc++";
				CLANG_ENABLE_MODULES = YES;
				CLANG_ENABLE_OBJC_ARC = YES;
				CLANG_WARN_BLOCK_CAPTURE_AUTORELEASING = YES;
				CLANG_WARN_BOOL_CONVERSION = YES;
				CLANG_WARN_COMMA = YES;
				CLANG_WARN_CONSTANT_CONVERSION = YES;
				CLANG_WARN_DIRECT_OBJC_ISA_USAGE = YES_ERROR;
				CLANG_WARN_DOCUMENTATION_COMMENTS = YES;
				CLANG_WARN_EMPTY_BODY = YES;
				CLANG_WARN_ENUM_CONVERSION = YES;
				CLANG_WARN_INFINITE_RECURSION = YES;
				CLANG_WARN_INT_CONVERSION = YES;
				CLANG_WARN_NON_LITERAL_NULL_CONVERSION = YES;
				CLANG_WARN_OBJC_LITERAL_CONVERSION = YES;
				CLANG_WARN_OBJC_ROOT_CLASS = YES_ERROR;
				CLANG_WARN_RANGE_LOOP_ANALYSIS = YES;
				CLANG_WARN_STRICT_PROTOTYPES = YES;
				CLANG_WARN_SUSPICIOUS_MOVE = YES;
				CLANG_WARN_UNGUARDED_AVAILABILITY = YES_AGGRESSIVE;
				CLANG_WARN_UNREACHABLE_CODE = YES;
				CLANG_WARN__DUPLICATE_METHOD_MATCH = YES;
				CODE_SIGN_IDENTITY = "iPhone Developer";
				COPY_PHASE_STRIP = NO;
				DEBUG_INFORMATION_FORMAT = dwarf;
				ENABLE_STRICT_OBJC_MSGSEND = YES;
				ENABLE_TESTABILITY = YES;
				GCC_C_LANGUAGE_STANDARD = gnu11;
				GCC_DYNAMIC_NO_PIC = NO;
				GCC_NO_COMMON_BLOCKS = YES;
				GCC_OPTIMIZATION_LEVEL = 0;
				GCC_PREPROCESSOR_DEFINITIONS = (
					"DEBUG=1",
					"$(inherited)",
				);
				GCC_WARN_64_TO_32_BIT_CONVERSION = YES;
				GCC_WARN_ABOUT_RETURN_TYPE = YES_ERROR;
				GCC_WARN_UNDECLARED_SELECTOR = YES;
				GCC_WARN_UNINITIALIZED_AUTOS = YES_AGGRESSIVE;
				GCC_WARN_UNUSED_FUNCTION = YES;
				GCC_WARN_UNUSED_VARIABLE = YES;
				IPHONEOS_DEPLOYMENT_TARGET = 11.0;
				MTL_ENABLE_DEBUG_INFO = YES;
				ONLY_ACTIVE_ARCH = YES;
				SDKROOT = iphoneos;
				SWIFT_ACTIVE_COMPILATION_CONDITIONS = DEBUG;
				SWIFT_OPTIMIZATION_LEVEL = "-Onone";
			};
			name = Debug;
		};
		D36DD1FC1F9C74C5009A23EA /* Release */ = {
			isa = XCBuildConfiguration;
			buildSettings = {
				ALWAYS_SEARCH_USER_PATHS = NO;
				CLANG_ANALYZER_NONNULL = YES;
				CLANG_ANALYZER_NUMBER_OBJECT_CONVERSION = YES_AGGRESSIVE;
				CLANG_CXX_LANGUAGE_STANDARD = "gnu++14";
				CLANG_CXX_LIBRARY = "libc++";
				CLANG_ENABLE_MODULES = YES;
				CLANG_ENABLE_OBJC_ARC = YES;
				CLANG_WARN_BLOCK_CAPTURE_AUTORELEASING = YES;
				CLANG_WARN_BOOL_CONVERSION = YES;
				CLANG_WARN_COMMA = YES;
				CLANG_WARN_CONSTANT_CONVERSION = YES;
				CLANG_WARN_DIRECT_OBJC_ISA_USAGE = YES_ERROR;
				CLANG_WARN_DOCUMENTATION_COMMENTS = YES;
				CLANG_WARN_EMPTY_BODY = YES;
				CLANG_WARN_ENUM_CONVERSION = YES;
				CLANG_WARN_INFINITE_RECURSION = YES;
				CLANG_WARN_INT_CONVERSION = YES;
				CLANG_WARN_NON_LITERAL_NULL_CONVERSION = YES;
				CLANG_WARN_OBJC_LITERAL_CONVERSION = YES;
				CLANG_WARN_OBJC_ROOT_CLASS = YES_ERROR;
				CLANG_WARN_RANGE_LOOP_ANALYSIS = YES;
				CLANG_WARN_STRICT_PROTOTYPES = YES;
				CLANG_WARN_SUSPICIOUS_MOVE = YES;
				CLANG_WARN_UNGUARDED_AVAILABILITY = YES_AGGRESSIVE;
				CLANG_WARN_UNREACHABLE_CODE = YES;
				CLANG_WARN__DUPLICATE_METHOD_MATCH = YES;
				CODE_SIGN_IDENTITY = "iPhone Developer";
				COPY_PHASE_STRIP = NO;
				DEBUG_INFORMATION_FORMAT = "dwarf-with-dsym";
				ENABLE_NS_ASSERTIONS = NO;
				ENABLE_STRICT_OBJC_MSGSEND = YES;
				GCC_C_LANGUAGE_STANDARD = gnu11;
				GCC_NO_COMMON_BLOCKS = YES;
				GCC_WARN_64_TO_32_BIT_CONVERSION = YES;
				GCC_WARN_ABOUT_RETURN_TYPE = YES_ERROR;
				GCC_WARN_UNDECLARED_SELECTOR = YES;
				GCC_WARN_UNINITIALIZED_AUTOS = YES_AGGRESSIVE;
				GCC_WARN_UNUSED_FUNCTION = YES;
				GCC_WARN_UNUSED_VARIABLE = YES;
				IPHONEOS_DEPLOYMENT_TARGET = 11.0;
				MTL_ENABLE_DEBUG_INFO = NO;
				SDKROOT = iphoneos;
				SWIFT_OPTIMIZATION_LEVEL = "-Owholemodule";
				VALIDATE_PRODUCT = YES;
			};
			name = Release;
		};
		D36DD1FE1F9C74C5009A23EA /* Debug */ = {
			isa = XCBuildConfiguration;
			buildSettings = {
				ASSETCATALOG_COMPILER_APPICON_NAME = AppIcon;
				CODE_SIGN_STYLE = Automatic;
				INFOPLIST_FILE = countproject/Info.plist;
				LD_RUNPATH_SEARCH_PATHS = "$(inherited) @executable_path/Frameworks";
				PRODUCT_BUNDLE_IDENTIFIER = "smk-idn.countproject";
				PRODUCT_NAME = "$(TARGET_NAME)";
				SWIFT_VERSION = 4.0;
				TARGETED_DEVICE_FAMILY = "1,2";
			};
			name = Debug;
		};
		D36DD1FF1F9C74C5009A23EA /* Release */ = {
			isa = XCBuildConfiguration;
			buildSettings = {
				ASSETCATALOG_COMPILER_APPICON_NAME = AppIcon;
				CODE_SIGN_STYLE = Automatic;
				INFOPLIST_FILE = countproject/Info.plist;
				LD_RUNPATH_SEARCH_PATHS = "$(inherited) @executable_path/Frameworks";
				PRODUCT_BUNDLE_IDENTIFIER = "smk-idn.countproject";
				PRODUCT_NAME = "$(TARGET_NAME)";
				SWIFT_VERSION = 4.0;
				TARGETED_DEVICE_FAMILY = "1,2";
			};
			name = Release;
		};
		D36DD2011F9C74C5009A23EA /* Debug */ = {
			isa = XCBuildConfiguration;
			buildSettings = {
				ALWAYS_EMBED_SWIFT_STANDARD_LIBRARIES = YES;
				BUNDLE_LOADER = "$(TEST_HOST)";
				CODE_SIGN_STYLE = Automatic;
				INFOPLIST_FILE = countprojectTests/Info.plist;
				LD_RUNPATH_SEARCH_PATHS = "$(inherited) @executable_path/Frameworks @loader_path/Frameworks";
				PRODUCT_BUNDLE_IDENTIFIER = "smk-idn.countprojectTests";
				PRODUCT_NAME = "$(TARGET_NAME)";
				SWIFT_VERSION = 4.0;
				TARGETED_DEVICE_FAMILY = "1,2";
				TEST_HOST = "$(BUILT_PRODUCTS_DIR)/countproject.app/countproject";
			};
			name = Debug;
		};
		D36DD2021F9C74C5009A23EA /* Release */ = {
			isa = XCBuildConfiguration;
			buildSettings = {
				ALWAYS_EMBED_SWIFT_STANDARD_LIBRARIES = YES;
				BUNDLE_LOADER = "$(TEST_HOST)";
				CODE_SIGN_STYLE = Automatic;
				INFOPLIST_FILE = countprojectTests/Info.plist;
				LD_RUNPATH_SEARCH_PATHS = "$(inherited) @executable_path/Frameworks @loader_path/Frameworks";
				PRODUCT_BUNDLE_IDENTIFIER = "smk-idn.countprojectTests";
				PRODUCT_NAME = "$(TARGET_NAME)";
				SWIFT_VERSION = 4.0;
				TARGETED_DEVICE_FAMILY = "1,2";
				TEST_HOST = "$(BUILT_PRODUCTS_DIR)/countproject.app/countproject";
			};
			name = Release;
		};
		D36DD2041F9C74C5009A23EA /* Debug */ = {
			isa = XCBuildConfiguration;
			buildSettings = {
				ALWAYS_EMBED_SWIFT_STANDARD_LIBRARIES = YES;
				CODE_SIGN_STYLE = Automatic;
				INFOPLIST_FILE = countprojectUITests/Info.plist;
				LD_RUNPATH_SEARCH_PATHS = "$(inherited) @executable_path/Frameworks @loader_path/Frameworks";
				PRODUCT_BUNDLE_IDENTIFIER = "smk-idn.countprojectUITests";
				PRODUCT_NAME = "$(TARGET_NAME)";
				SWIFT_VERSION = 4.0;
				TARGETED_DEVICE_FAMILY = "1,2";
				TEST_TARGET_NAME = countproject;
			};
			name = Debug;
		};
		D36DD2051F9C74C5009A23EA /* Release */ = {
			isa = XCBuildConfiguration;
			buildSettings = {
				ALWAYS_EMBED_SWIFT_STANDARD_LIBRARIES = YES;
				CODE_SIGN_STYLE = Automatic;
				INFOPLIST_FILE = countprojectUITests/Info.plist;
				LD_RUNPATH_SEARCH_PATHS = "$(inherited) @executable_path/Frameworks @loader_path/Frameworks";
				PRODUCT_BUNDLE_IDENTIFIER = "smk-idn.countprojectUITests";
				PRODUCT_NAME = "$(TARGET_NAME)";
				SWIFT_VERSION = 4.0;
				TARGETED_DEVICE_FAMILY = "1,2";
				TEST_TARGET_NAME = countproject;
			};
			name = Release;
		};
/* End XCBuildConfiguration section */

/* Begin XCConfigurationList section */
		D36DD1D01F9C74C5009A23EA /* Build configuration list for PBXProject "countproject" */ = {
			isa = XCConfigurationList;
			buildConfigurations = (
				D36DD1FB1F9C74C5009A23EA /* Debug */,
				D36DD1FC1F9C74C5009A23EA /* Release */,
			);
			defaultConfigurationIsVisible = 0;
			defaultConfigurationName = Release;
		};
		D36DD1FD1F9C74C5009A23EA /* Build configuration list for PBXNativeTarget "countproject" */ = {
			isa = XCConfigurationList;
			buildConfigurations = (
				D36DD1FE1F9C74C5009A23EA /* Debug */,
				D36DD1FF1F9C74C5009A23EA /* Release */,
			);
			defaultConfigurationIsVisible = 0;
			defaultConfigurationName = Release;
		};
		D36DD2001F9C74C5009A23EA /* Build configuration list for PBXNativeTarget "countprojectTests" */ = {
			isa = XCConfigurationList;
			buildConfigurations = (
				D36DD2011F9C74C5009A23EA /* Debug */,
				D36DD2021F9C74C5009A23EA /* Release */,
			);
			defaultConfigurationIsVisible = 0;
			defaultConfigurationName = Release;
		};
		D36DD2031F9C74C5009A23EA /* Build configuration list for PBXNativeTarget "countprojectUITests" */ = {
			isa = XCConfigurationList;
			buildConfigurations = (
				D36DD2041F9C74C5009A23EA /* Debug */,
				D36DD2051F9C74C5009A23EA /* Release */,
			);
			defaultConfigurationIsVisible = 0;
			defaultConfigurationName = Release;
		};
/* End XCConfigurationList section */
	};
	rootObject = D36DD1CD1F9C74C5009A23EA /* Project object */;
}
